
Microsoft Visual Studio Solution File, Format Version 12.00
# Visual Studio Version 16
VisualStudioVersion = 16.0.31005.135
MinimumVisualStudioVersion = 10.0.40219.1
Project("{FAE04EC0-301F-11D3-BF4B-00C04F79EFBC}") = "POO-Pokedex", "POO-Pokedex\POO-Pokedex.csproj", "{59E648CA-DD66-47A5-A057-822B6C0FF5BB}"
EndProject
Global
	GlobalSection(SolutionConfigurationPlatforms) = preSolution
		Debug|Any CPU = Debug|Any CPU
		Release|Any CPU = Release|Any CPU
	EndGlobalSection
	GlobalSection(ProjectConfigurationPlatforms) = postSolution
		{59E648CA-DD66-47A5-A057-822B6C0FF5BB}.Debug|Any CPU.ActiveCfg = Debug|Any CPU
		{59E648CA-DD66-47A5-A057-822B6C0FF5BB}.Debug|Any CPU.Build.0 = Debug|Any CPU
		{59E648CA-DD66-47A5-A057-822B6C0FF5BB}.Release|Any CPU.ActiveCfg = Release|Any CPU
		{59E648CA-DD66-47A5-A057-822B6C0FF5BB}.Release|Any CPU.Build.0 = Release|Any CPU
	EndGlobalSection
	GlobalSection(SolutionProperties) = preSolution
		HideSolutionNode = FALSE
	EndGlobalSection
	GlobalSection(ExtensibilityGlobals) = postSolution
		SolutionGuid = {A07A359A-0657-478E-AEA2-48601E9B27FB}
	EndGlobalSection
EndGlobal
